{"1.2.0",
[{<<"foil">>,{pkg,<<"foil">>,<<"0.1.1">>},1},
 {<<"granderl">>,
  {git,"https://github.com/adgear/granderl.git",
       {ref,"a628b5f8ae696b1c4a8583b679661d2bf0d4affb"}},
  0},
 {<<"metal">>,{pkg,<<"metal">>,<<"0.1.1">>},1},
 {<<"shackle">>,
  {git,"https://github.com/lpgauth/shackle.git",
       {ref,"1cf730d86b918df5d390dcfce7f33f49de8e2084"}},
  0}]}.
[
{pkg_hash,[
 {<<"foil">>, <<"4D07B62C114636BBC3EEBD5CEE04B23A7AAB1262B0F68AA79005A6FBC3790472">>},
 {<<"metal">>, <<"5D3D1322DA7BCD34B94FED5486F577973685298883954F7A3E517EF5EF6953F5">>}]},
{pkg_hash_ext,[
 {<<"foil">>, <<"CD5F4B6D518168E97D0F8A5D79EEE4D3625EEF1ED33790BA037ACCAD22C7F455">>},
 {<<"metal">>, <<"88B82B634998A1A768DEDCD372C2F7E657B19445325C0AF5CCBAC62C77210F1D">>}]}
].
